
Microsoft Visual Studio Solution File, Format Version 12.00
# Visual Studio 14
VisualStudioVersion = 14.0.24720.0
MinimumVisualStudioVersion = 10.0.40219.1
Project("{FAE04EC0-301F-11D3-BF4B-00C04F79EFBC}") = "placeorders", "placeorders\placeorders.csproj", "{9CB5C3A3-06A5-4078-A387-F39486FE1A76}"
EndProject
Project("{FAE04EC0-301F-11D3-BF4B-00C04F79EFBC}") = "processorders", "processorders\processorders.csproj", "{32A62AAE-E7B9-4D5F-BAE1-BB43DD1933D1}"
EndProject
Global
	GlobalSection(SolutionConfigurationPlatforms) = preSolution
		Debug|Any CPU = Debug|Any CPU
		Release|Any CPU = Release|Any CPU
	EndGlobalSection
	GlobalSection(ProjectConfigurationPlatforms) = postSolution
		{9CB5C3A3-06A5-4078-A387-F39486FE1A76}.Debug|Any CPU.ActiveCfg = Debug|Any CPU
		{9CB5C3A3-06A5-4078-A387-F39486FE1A76}.Debug|Any CPU.Build.0 = Debug|Any CPU
		{9CB5C3A3-06A5-4078-A387-F39486FE1A76}.Release|Any CPU.ActiveCfg = Release|Any CPU
		{9CB5C3A3-06A5-4078-A387-F39486FE1A76}.Release|Any CPU.Build.0 = Release|Any CPU
		{32A62AAE-E7B9-4D5F-BAE1-BB43DD1933D1}.Debug|Any CPU.ActiveCfg = Debug|Any CPU
		{32A62AAE-E7B9-4D5F-BAE1-BB43DD1933D1}.Debug|Any CPU.Build.0 = Debug|Any CPU
		{32A62AAE-E7B9-4D5F-BAE1-BB43DD1933D1}.Release|Any CPU.ActiveCfg = Release|Any CPU
		{32A62AAE-E7B9-4D5F-BAE1-BB43DD1933D1}.Release|Any CPU.Build.0 = Release|Any CPU
	EndGlobalSection
	GlobalSection(SolutionProperties) = preSolution
		HideSolutionNode = FALSE
	EndGlobalSection
EndGlobal
